
Microsoft Visual Studio Solution File, Format Version 12.00
# Visual Studio Version 16
VisualStudioVersion = 16.0.29209.62
MinimumVisualStudioVersion = 10.0.40219.1
Project("{FAE04EC0-301F-11D3-BF4B-00C04F79EFBC}") = "ConsoleApp2", "ConsoleApp2\ConsoleApp2.csproj", "{4AC84847-A2E0-4ACE-89AF-EBBDB3952BFA}"
EndProject
Global
	GlobalSection(SolutionConfigurationPlatforms) = preSolution
		Debug|Any CPU = Debug|Any CPU
		Release|Any CPU = Release|Any CPU
	EndGlobalSection
	GlobalSection(ProjectConfigurationPlatforms) = postSolution
		{4AC84847-A2E0-4ACE-89AF-EBBDB3952BFA}.Debug|Any CPU.ActiveCfg = Debug|Any CPU
		{4AC84847-A2E0-4ACE-89AF-EBBDB3952BFA}.Debug|Any CPU.Build.0 = Debug|Any CPU
		{4AC84847-A2E0-4ACE-89AF-EBBDB3952BFA}.Release|Any CPU.ActiveCfg = Release|Any CPU
		{4AC84847-A2E0-4ACE-89AF-EBBDB3952BFA}.Release|Any CPU.Build.0 = Release|Any CPU
	EndGlobalSection
	GlobalSection(SolutionProperties) = preSolution
		HideSolutionNode = FALSE
	EndGlobalSection
	GlobalSection(ExtensibilityGlobals) = postSolution
		SolutionGuid = {8FCF6605-A8A6-4ECD-9C0C-4181CE7DC357}
	EndGlobalSection
EndGlobal
